
Microsoft Visual Studio Solution File, Format Version 12.00
# Visual Studio 15
VisualStudioVersion = 15.0.27004.2010
MinimumVisualStudioVersion = 10.0.40219.1
Project("{8BC9CEB8-8B4A-11D0-8D11-00A0C91BC942}") = "Day2.2", "Day2.2\Day2.2.vcxproj", "{765920BC-AD2D-4A7A-AEA4-A30A10903170}"
EndProject
Project("{8BC9CEB8-8B4A-11D0-8D11-00A0C91BC942}") = "Day2.1", "Day2.1\Day2.vcxproj", "{7DA9DB30-8932-4DDE-B947-8838CF93A1F2}"
EndProject
Global
	GlobalSection(SolutionConfigurationPlatforms) = preSolution
		Debug|x64 = Debug|x64
		Debug|x86 = Debug|x86
		Release|x64 = Release|x64
		Release|x86 = Release|x86
	EndGlobalSection
	GlobalSection(ProjectConfigurationPlatforms) = postSolution
		{765920BC-AD2D-4A7A-AEA4-A30A10903170}.Debug|x64.ActiveCfg = Debug|x64
		{765920BC-AD2D-4A7A-AEA4-A30A10903170}.Debug|x64.Build.0 = Debug|x64
		{765920BC-AD2D-4A7A-AEA4-A30A10903170}.Debug|x86.ActiveCfg = Debug|Win32
		{765920BC-AD2D-4A7A-AEA4-A30A10903170}.Debug|x86.Build.0 = Debug|Win32
		{765920BC-AD2D-4A7A-AEA4-A30A10903170}.Release|x64.ActiveCfg = Release|x64
		{765920BC-AD2D-4A7A-AEA4-A30A10903170}.Release|x64.Build.0 = Release|x64
		{765920BC-AD2D-4A7A-AEA4-A30A10903170}.Release|x86.ActiveCfg = Release|Win32
		{765920BC-AD2D-4A7A-AEA4-A30A10903170}.Release|x86.Build.0 = Release|Win32
		{7DA9DB30-8932-4DDE-B947-8838CF93A1F2}.Debug|x64.ActiveCfg = Debug|x64
		{7DA9DB30-8932-4DDE-B947-8838CF93A1F2}.Debug|x64.Build.0 = Debug|x64
		{7DA9DB30-8932-4DDE-B947-8838CF93A1F2}.Debug|x86.ActiveCfg = Debug|Win32
		{7DA9DB30-8932-4DDE-B947-8838CF93A1F2}.Debug|x86.Build.0 = Debug|Win32
		{7DA9DB30-8932-4DDE-B947-8838CF93A1F2}.Release|x64.ActiveCfg = Release|x64
		{7DA9DB30-8932-4DDE-B947-8838CF93A1F2}.Release|x64.Build.0 = Release|x64
		{7DA9DB30-8932-4DDE-B947-8838CF93A1F2}.Release|x86.ActiveCfg = Release|Win32
		{7DA9DB30-8932-4DDE-B947-8838CF93A1F2}.Release|x86.Build.0 = Release|Win32
	EndGlobalSection
	GlobalSection(SolutionProperties) = preSolution
		HideSolutionNode = FALSE
	EndGlobalSection
	GlobalSection(ExtensibilityGlobals) = postSolution
		SolutionGuid = {EA6E087C-F769-43DF-A119-E7EAFA6030C2}
	EndGlobalSection
EndGlobal
